hash: d75ae73d140e4ec3910ab525d417ba93c55aff949ba51cf1374f6ebd6985b26c
updated: 2016-05-20T14:22:29.727927334-04:00
imports:
- name: github.com/ernesto-jimenez/httplogger
  version: 86cc44f6150a7e9dca8586e425a9c73e71f8ae7d
- name: github.com/pkg/errors
  version: f85d45fecf0c92c382e731cb03f481957e2ccdd1
- name: github.com/stretchr/testify
  version: 6cb3b85ef5a0efef77caef88363ec4d4b5c0976d
  subpackages:
  - assert
- name: github.com/t11e/go-pebbleclient
  version: c2ebe0efdd59c1f97be0a88888b55dbba6d71352
- name: golang.org/x/net
  version: 8a52c78636f6b7be1b1e5cb58b01a85f1e082659
  subpackages:
  - context
  - context/ctxhttp
devImports: []
